{
  "name": "stdn",
  "version": "0.2.0",
  "lockfileVersion": 2,
  "requires": true,
  "packages": {
    "": {
      "name": "stdn",
      "version": "0.2.0",
      "license": "MIT",
      "dependencies": {
        "ston": "^0.2.1"
      },
      "engines": {
        "node": ">=14.0.0",
        "npm": ">=8.0.0"
      }
    },
    "node_modules/ston": {
      "version": "0.2.1",
      "resolved": "https://registry.npmjs.org/ston/-/ston-0.2.1.tgz",
      "integrity": "sha512-b6kXUwGbqDOS3nhVkL34xM17ngl9TZMiLmmgIdpmy410hPUIY7CkqwKUHsqdcELlpuynnNyFHsbagbo/3RQ/Jw==",
      "engines": {
        "node": ">=14.0.0",
        "npm": ">=8.0.0"
      }
    }
  },
  "dependencies": {
    "ston": {
      "version": "0.2.1",
      "resolved": "https://registry.npmjs.org/ston/-/ston-0.2.1.tgz",
      "integrity": "sha512-b6kXUwGbqDOS3nhVkL34xM17ngl9TZMiLmmgIdpmy410hPUIY7CkqwKUHsqdcELlpuynnNyFHsbagbo/3RQ/Jw=="
    }
  }
}
