{
  "name": "stdn",
  "version": "0.1.0",
  "lockfileVersion": 2,
  "requires": true,
  "packages": {
    "": {
      "name": "stdn",
      "version": "0.1.0",
      "license": "MIT",
      "dependencies": {
        "ston": "^0.1.6"
      },
      "engines": {
        "node": "^14.0.0",
        "npm": "^7.0.0"
      }
    },
    "node_modules/ston": {
      "version": "0.1.6",
      "resolved": "https://registry.npmjs.org/ston/-/ston-0.1.6.tgz",
      "integrity": "sha512-8M718Br1fMW9gmXK1kPym9QESuZ1zEzfHypK5FFOy2kLCJF8Zm8IgGTbqGynPZjmu7o3LPl3sEEA/FdZxHd/xA==",
      "engines": {
        "node": "^14.0.0",
        "npm": "^7.0.0"
      }
    }
  },
  "dependencies": {
    "ston": {
      "version": "0.1.6",
      "resolved": "https://registry.npmjs.org/ston/-/ston-0.1.6.tgz",
      "integrity": "sha512-8M718Br1fMW9gmXK1kPym9QESuZ1zEzfHypK5FFOy2kLCJF8Zm8IgGTbqGynPZjmu7o3LPl3sEEA/FdZxHd/xA=="
    }
  }
}
