{
  "name": "stdn",
  "version": "0.0.9",
  "lockfileVersion": 2,
  "requires": true,
  "packages": {
    "": {
      "name": "stdn",
      "version": "0.0.9",
      "license": "MIT",
      "dependencies": {
        "ston": "^0.0.14"
      },
      "engines": {
        "node": "^14.0.0",
        "npm": "^7.0.0"
      }
    },
    "node_modules/ston": {
      "version": "0.0.14",
      "resolved": "https://registry.npmjs.org/ston/-/ston-0.0.14.tgz",
      "integrity": "sha512-C3pCtKoljG8e7aUzPS7P6opKxMjJ+InVXZNMtBfRH6Zjd6tXHwvw1tuL8MddtLQ7xwzVn/4ppSj1uv/lXE52Ng==",
      "engines": {
        "node": "^14.0.0",
        "npm": "^7.0.0"
      }
    }
  },
  "dependencies": {
    "ston": {
      "version": "0.0.14",
      "resolved": "https://registry.npmjs.org/ston/-/ston-0.0.14.tgz",
      "integrity": "sha512-C3pCtKoljG8e7aUzPS7P6opKxMjJ+InVXZNMtBfRH6Zjd6tXHwvw1tuL8MddtLQ7xwzVn/4ppSj1uv/lXE52Ng=="
    }
  }
}
